
Microsoft Visual Studio Solution File, Format Version 12.00
# Visual Studio Version 17
VisualStudioVersion = 17.6.33815.320
MinimumVisualStudioVersion = 10.0.40219.1
Project("{FAE04EC0-301F-11D3-BF4B-00C04F79EFBC}") = "RestWithASP_NET5-Udemy", "RestWithASP_NET5-Udemy\RestWithASP_NET5-Udemy.csproj", "{12B3BFD6-0B95-4489-810C-6B5601046AF7}"
EndProject
Global
	GlobalSection(SolutionConfigurationPlatforms) = preSolution
		Debug|Any CPU = Debug|Any CPU
		Release|Any CPU = Release|Any CPU
	EndGlobalSection
	GlobalSection(ProjectConfigurationPlatforms) = postSolution
		{12B3BFD6-0B95-4489-810C-6B5601046AF7}.Debug|Any CPU.ActiveCfg = Debug|Any CPU
		{12B3BFD6-0B95-4489-810C-6B5601046AF7}.Debug|Any CPU.Build.0 = Debug|Any CPU
		{12B3BFD6-0B95-4489-810C-6B5601046AF7}.Release|Any CPU.ActiveCfg = Release|Any CPU
		{12B3BFD6-0B95-4489-810C-6B5601046AF7}.Release|Any CPU.Build.0 = Release|Any CPU
	EndGlobalSection
	GlobalSection(SolutionProperties) = preSolution
		HideSolutionNode = FALSE
	EndGlobalSection
	GlobalSection(ExtensibilityGlobals) = postSolution
		SolutionGuid = {BCA3EE07-AC00-4409-81D1-BB00E6147746}
	EndGlobalSection
EndGlobal
